# This file is automatically @generated by Cargo.
# It is not intended for manual editing.
version = 3

[[package]]
name = "bnum"
version = "0.7.0"
source = "registry+https://github.com/rust-lang/crates.io-index"
checksum = "845141a4fade3f790628b7daaaa298a25b204fb28907eb54febe5142db6ce653"

[[package]]
name = "pe3"
version = "0.1.0"
dependencies = [
 "bnum",
]
